// !$*UTF8*$!
{
	archiveVersion = 1;
	classes = {
	};
	objectVersion = 46;
	objects = {

/* Begin PBXBuildFile section */
		9020EC151C8F1840007E426F /* main.m in Sources */ = {isa = PBXBuildFile; fileRef = 9020EC141C8F1840007E426F /* main.m */; };
		9020EC181C8F1840007E426F /* AppDelegate.m in Sources */ = {isa = PBXBuildFile; fileRef = 9020EC171C8F1840007E426F /* AppDelegate.m */; };
		9020EC1B1C8F1840007E426F /* ViewController.m in Sources */ = {isa = PBXBuildFile; fileRef = 9020EC1A1C8F1840007E426F /* ViewController.m */; };
		9020EC1E1C8F1840007E426F /* Main.storyboard in Resources */ = {isa = PBXBuildFile; fileRef = 9020EC1C1C8F1840007E426F /* Main.storyboard */; };
		9020EC201C8F1840007E426F /* Assets.xcassets in Resources */ = {isa = PBXBuildFile; fileRef = 9020EC1F1C8F1840007E426F /* Assets.xcassets */; };
		9020EC231C8F1840007E426F /* LaunchScreen.storyboard in Resources */ = {isa = PBXBuildFile; fileRef = 9020EC211C8F1840007E426F /* LaunchScreen.storyboard */; };
		9020EC2F1C8F18D5007E426F /* dota2_0.jpg in Resources */ = {isa = PBXBuildFile; fileRef = 9020EC2B1C8F18D5007E426F /* dota2_0.jpg */; };
		9020EC301C8F18D5007E426F /* dota2_1.jpg in Resources */ = {isa = PBXBuildFile; fileRef = 9020EC2C1C8F18D5007E426F /* dota2_1.jpg */; };
		9020EC311C8F18D5007E426F /* dota2_2.jpg in Resources */ = {isa = PBXBuildFile; fileRef = 9020EC2D1C8F18D5007E426F /* dota2_2.jpg */; };
		9020EC321C8F18D5007E426F /* dota2_3.jpg in Resources */ = {isa = PBXBuildFile; fileRef = 9020EC2E1C8F18D5007E426F /* dota2_3.jpg */; };
		9020EC381C8F18DE007E426F /* UCCarouselCollectionViewCell.m in Sources */ = {isa = PBXBuildFile; fileRef = 9020EC351C8F18DE007E426F /* UCCarouselCollectionViewCell.m */; };
		9020EC391C8F18DE007E426F /* UCCarouselView.m in Sources */ = {isa = PBXBuildFile; fileRef = 9020EC371C8F18DE007E426F /* UCCarouselView.m */; };
/* End PBXBuildFile section */

/* Begin PBXFileReference section */
		9020EC101C8F1840007E426F /* UCCarouselViewDemo.app */ = {isa = PBXFileReference; explicitFileType = wrapper.application; includeInIndex = 0; path = UCCarouselViewDemo.app; sourceTree = BUILT_PRODUCTS_DIR; };
		9020EC141C8F1840007E426F /* main.m */ = {isa = PBXFileReference; lastKnownFileType = sourcecode.c.objc; path = main.m; sourceTree = "<group>"; };
		9020EC161C8F1840007E426F /* AppDelegate.h */ = {isa = PBXFileReference; lastKnownFileType = sourcecode.c.h; path = AppDelegate.h; sourceTree = "<group>"; };
		9020EC171C8F1840007E426F /* AppDelegate.m */ = {isa = PBXFileReference; lastKnownFileType = sourcecode.c.objc; path = AppDelegate.m; sourceTree = "<group>"; };
		9020EC191C8F1840007E426F /* ViewController.h */ = {isa = PBXFileReference; lastKnownFileType = sourcecode.c.h; path = ViewController.h; sourceTree = "<group>"; };
		9020EC1A1C8F1840007E426F /* ViewController.m */ = {isa = PBXFileReference; lastKnownFileType = sourcecode.c.objc; path = ViewController.m; sourceTree = "<group>"; };
		9020EC1D1C8F1840007E426F /* Base */ = {isa = PBXFileReference; lastKnownFileType = file.storyboard; name = Base; path = Base.lproj/Main.storyboard; sourceTree = "<group>"; };
		9020EC1F1C8F1840007E426F /* Assets.xcassets */ = {isa = PBXFileReference; lastKnownFileType = folder.assetcatalog; path = Assets.xcassets; sourceTree = "<group>"; };
		9020EC221C8F1840007E426F /* Base */ = {isa = PBXFileReference; lastKnownFileType = file.storyboard; name = Base; path = Base.lproj/LaunchScreen.storyboard; sourceTree = "<group>"; };
		9020EC241C8F1840007E426F /* Info.plist */ = {isa = PBXFileReference; lastKnownFileType = text.plist.xml; path = Info.plist; sourceTree = "<group>"; };
		9020EC2B1C8F18D5007E426F /* dota2_0.jpg */ = {isa = PBXFileReference; lastKnownFileType = image.jpeg; path = dota2_0.jpg; sourceTree = "<group>"; };
		9020EC2C1C8F18D5007E426F /* dota2_1.jpg */ = {isa = PBXFileReference; lastKnownFileType = image.jpeg; path = dota2_1.jpg; sourceTree = "<group>"; };
		9020EC2D1C8F18D5007E426F /* dota2_2.jpg */ = {isa = PBXFileReference; lastKnownFileType = image.jpeg; path = dota2_2.jpg; sourceTree = "<group>"; };
		9020EC2E1C8F18D5007E426F /* dota2_3.jpg */ = {isa = PBXFileReference; lastKnownFileType = image.jpeg; path = dota2_3.jpg; sourceTree = "<group>"; };
		9020EC341C8F18DE007E426F /* UCCarouselCollectionViewCell.h */ = {isa = PBXFileReference; fileEncoding = 4; lastKnownFileType = sourcecode.c.h; path = UCCarouselCollectionViewCell.h; sourceTree = "<group>"; };
		9020EC351C8F18DE007E426F /* UCCarouselCollectionViewCell.m */ = {isa = PBXFileReference; fileEncoding = 4; lastKnownFileType = sourcecode.c.objc; path = UCCarouselCollectionViewCell.m; sourceTree = "<group>"; };
		9020EC361C8F18DE007E426F /* UCCarouselView.h */ = {isa = PBXFileReference; fileEncoding = 4; lastKnownFileType = sourcecode.c.h; path = UCCarouselView.h; sourceTree = "<group>"; };
		9020EC371C8F18DE007E426F /* UCCarouselView.m */ = {isa = PBXFileReference; fileEncoding = 4; lastKnownFileType = sourcecode.c.objc; path = UCCarouselView.m; sourceTree = "<group>"; };
/* End PBXFileReference section */

/* Begin PBXFrameworksBuildPhase section */
		9020EC0D1C8F1840007E426F /* Frameworks */ = {
			isa = PBXFrameworksBuildPhase;
			buildActionMask = 2147483647;
			files = (
			);
			runOnlyForDeploymentPostprocessing = 0;
		};
/* End PBXFrameworksBuildPhase section */

/* Begin PBXGroup section */
		9020EC071C8F1840007E426F = {
			isa = PBXGroup;
			children = (
				9020EC331C8F18DE007E426F /* UCCarouselView */,
				9020EC121C8F1840007E426F /* UCCarouselViewDemo */,
				9020EC111C8F1840007E426F /* Products */,
			);
			sourceTree = "<group>";
		};
		9020EC111C8F1840007E426F /* Products */ = {
			isa = PBXGroup;
			children = (
				9020EC101C8F1840007E426F /* UCCarouselViewDemo.app */,
			);
			name = Products;
			sourceTree = "<group>";
		};
		9020EC121C8F1840007E426F /* UCCarouselViewDemo */ = {
			isa = PBXGroup;
			children = (
				9020EC2A1C8F18D5007E426F /* image */,
				9020EC161C8F1840007E426F /* AppDelegate.h */,
				9020EC171C8F1840007E426F /* AppDelegate.m */,
				9020EC191C8F1840007E426F /* ViewController.h */,
				9020EC1A1C8F1840007E426F /* ViewController.m */,
				9020EC1C1C8F1840007E426F /* Main.storyboard */,
				9020EC1F1C8F1840007E426F /* Assets.xcassets */,
				9020EC211C8F1840007E426F /* LaunchScreen.storyboard */,
				9020EC241C8F1840007E426F /* Info.plist */,
				9020EC131C8F1840007E426F /* Supporting Files */,
			);
			path = UCCarouselViewDemo;
			sourceTree = "<group>";
		};
		9020EC131C8F1840007E426F /* Supporting Files */ = {
			isa = PBXGroup;
			children = (
				9020EC141C8F1840007E426F /* main.m */,
			);
			name = "Supporting Files";
			sourceTree = "<group>";
		};
		9020EC2A1C8F18D5007E426F /* image */ = {
			isa = PBXGroup;
			children = (
				9020EC2B1C8F18D5007E426F /* dota2_0.jpg */,
				9020EC2C1C8F18D5007E426F /* dota2_1.jpg */,
				9020EC2D1C8F18D5007E426F /* dota2_2.jpg */,
				9020EC2E1C8F18D5007E426F /* dota2_3.jpg */,
			);
			path = image;
			sourceTree = "<group>";
		};
		9020EC331C8F18DE007E426F /* UCCarouselView */ = {
			isa = PBXGroup;
			children = (
				9020EC341C8F18DE007E426F /* UCCarouselCollectionViewCell.h */,
				9020EC351C8F18DE007E426F /* UCCarouselCollectionViewCell.m */,
				9020EC361C8F18DE007E426F /* UCCarouselView.h */,
				9020EC371C8F18DE007E426F /* UCCarouselView.m */,
			);
			name = UCCarouselView;
			path = UCCarouselViewDemo/UCCarouselView;
			sourceTree = "<group>";
		};
/* End PBXGroup section */

/* Begin PBXNativeTarget section */
		9020EC0F1C8F1840007E426F /* UCCarouselViewDemo */ = {
			isa = PBXNativeTarget;
			buildConfigurationList = 9020EC271C8F1840007E426F /* Build configuration list for PBXNativeTarget "UCCarouselViewDemo" */;
			buildPhases = (
				9020EC0C1C8F1840007E426F /* Sources */,
				9020EC0D1C8F1840007E426F /* Frameworks */,
				9020EC0E1C8F1840007E426F /* Resources */,
			);
			buildRules = (
			);
			dependencies = (
			);
			name = UCCarouselViewDemo;
			productName = UCCarouselViewDemo;
			productReference = 9020EC101C8F1840007E426F /* UCCarouselViewDemo.app */;
			productType = "com.apple.product-type.application";
		};
/* End PBXNativeTarget section */

/* Begin PBXProject section */
		9020EC081C8F1840007E426F /* Project object */ = {
			isa = PBXProject;
			attributes = {
				LastUpgradeCheck = 0720;
				ORGANIZATIONNAME = UC;
				TargetAttributes = {
					9020EC0F1C8F1840007E426F = {
						CreatedOnToolsVersion = 7.2;
					};
				};
			};
			buildConfigurationList = 9020EC0B1C8F1840007E426F /* Build configuration list for PBXProject "UCCarouselViewDemo" */;
			compatibilityVersion = "Xcode 3.2";
			developmentRegion = English;
			hasScannedForEncodings = 0;
			knownRegions = (
				en,
				Base,
			);
			mainGroup = 9020EC071C8F1840007E426F;
			productRefGroup = 9020EC111C8F1840007E426F /* Products */;
			projectDirPath = "";
			projectRoot = "";
			targets = (
				9020EC0F1C8F1840007E426F /* UCCarouselViewDemo */,
			);
		};
/* End PBXProject section */

/* Begin PBXResourcesBuildPhase section */
		9020EC0E1C8F1840007E426F /* Resources */ = {
			isa = PBXResourcesBuildPhase;
			buildActionMask = 2147483647;
			files = (
				9020EC321C8F18D5007E426F /* dota2_3.jpg in Resources */,
				9020EC231C8F1840007E426F /* LaunchScreen.storyboard in Resources */,
				9020EC201C8F1840007E426F /* Assets.xcassets in Resources */,
				9020EC1E1C8F1840007E426F /* Main.storyboard in Resources */,
				9020EC311C8F18D5007E426F /* dota2_2.jpg in Resources */,
				9020EC2F1C8F18D5007E426F /* dota2_0.jpg in Resources */,
				9020EC301C8F18D5007E426F /* dota2_1.jpg in Resources */,
			);
			runOnlyForDeploymentPostprocessing = 0;
		};
/* End PBXResourcesBuildPhase section */

/* Begin PBXSourcesBuildPhase section */
		9020EC0C1C8F1840007E426F /* Sources */ = {
			isa = PBXSourcesBuildPhase;
			buildActionMask = 2147483647;
			files = (
				9020EC1B1C8F1840007E426F /* ViewController.m in Sources */,
				9020EC181C8F1840007E426F /* AppDelegate.m in Sources */,
				9020EC391C8F18DE007E426F /* UCCarouselView.m in Sources */,
				9020EC381C8F18DE007E426F /* UCCarouselCollectionViewCell.m in Sources */,
				9020EC151C8F1840007E426F /* main.m in Sources */,
			);
			runOnlyForDeploymentPostprocessing = 0;
		};
/* End PBXSourcesBuildPhase section */

/* Begin PBXVariantGroup section */
		9020EC1C1C8F1840007E426F /* Main.storyboard */ = {
			isa = PBXVariantGroup;
			children = (
				9020EC1D1C8F1840007E426F /* Base */,
			);
			name = Main.storyboard;
			sourceTree = "<group>";
		};
		9020EC211C8F1840007E426F /* LaunchScreen.storyboard */ = {
			isa = PBXVariantGroup;
			children = (
				9020EC221C8F1840007E426F /* Base */,
			);
			name = LaunchScreen.storyboard;
			sourceTree = "<group>";
		};
/* End PBXVariantGroup section */

/* Begin XCBuildConfiguration section */
		9020EC251C8F1840007E426F /* Debug */ = {
			isa = XCBuildConfiguration;
			buildSettings = {
				ALWAYS_SEARCH_USER_PATHS = NO;
				CLANG_CXX_LANGUAGE_STANDARD = "gnu++0x";
				CLANG_CXX_LIBRARY = "libc++";
				CLANG_ENABLE_MODULES = YES;
				CLANG_ENABLE_OBJC_ARC = YES;
				CLANG_WARN_BOOL_CONVERSION = YES;
				CLANG_WARN_CONSTANT_CONVERSION = YES;
				CLANG_WARN_DIRECT_OBJC_ISA_USAGE = YES_ERROR;
				CLANG_WARN_EMPTY_BODY = YES;
				CLANG_WARN_ENUM_CONVERSION = YES;
				CLANG_WARN_INT_CONVERSION = YES;
				CLANG_WARN_OBJC_ROOT_CLASS = YES_ERROR;
				CLANG_WARN_UNREACHABLE_CODE = YES;
				CLANG_WARN__DUPLICATE_METHOD_MATCH = YES;
				"CODE_SIGN_IDENTITY[sdk=iphoneos*]" = "iPhone Developer";
				COPY_PHASE_STRIP = NO;
				DEBUG_INFORMATION_FORMAT = dwarf;
				ENABLE_STRICT_OBJC_MSGSEND = YES;
				ENABLE_TESTABILITY = YES;
				GCC_C_LANGUAGE_STANDARD = gnu99;
				GCC_DYNAMIC_NO_PIC = NO;
				GCC_NO_COMMON_BLOCKS = YES;
				GCC_OPTIMIZATION_LEVEL = 0;
				GCC_PREPROCESSOR_DEFINITIONS = (
					"DEBUG=1",
					"$(inherited)",
				);
				GCC_WARN_64_TO_32_BIT_CONVERSION = YES;
				GCC_WARN_ABOUT_RETURN_TYPE = YES_ERROR;
				GCC_WARN_UNDECLARED_SELECTOR = YES;
				GCC_WARN_UNINITIALIZED_AUTOS = YES_AGGRESSIVE;
				GCC_WARN_UNUSED_FUNCTION = YES;
				GCC_WARN_UNUSED_VARIABLE = YES;
				IPHONEOS_DEPLOYMENT_TARGET = 9.2;
				MTL_ENABLE_DEBUG_INFO = YES;
				ONLY_ACTIVE_ARCH = YES;
				SDKROOT = iphoneos;
			};
			name = Debug;
		};
		9020EC261C8F1840007E426F /* Release */ = {
			isa = XCBuildConfiguration;
			buildSettings = {
				ALWAYS_SEARCH_USER_PATHS = NO;
				CLANG_CXX_LANGUAGE_STANDARD = "gnu++0x";
				CLANG_CXX_LIBRARY = "libc++";
				CLANG_ENABLE_MODULES = YES;
				CLANG_ENABLE_OBJC_ARC = YES;
				CLANG_WARN_BOOL_CONVERSION = YES;
				CLANG_WARN_CONSTANT_CONVERSION = YES;
				CLANG_WARN_DIRECT_OBJC_ISA_USAGE = YES_ERROR;
				CLANG_WARN_EMPTY_BODY = YES;
				CLANG_WARN_ENUM_CONVERSION = YES;
				CLANG_WARN_INT_CONVERSION = YES;
				CLANG_WARN_OBJC_ROOT_CLASS = YES_ERROR;
				CLANG_WARN_UNREACHABLE_CODE = YES;
				CLANG_WARN__DUPLICATE_METHOD_MATCH = YES;
				"CODE_SIGN_IDENTITY[sdk=iphoneos*]" = "iPhone Developer";
				COPY_PHASE_STRIP = NO;
				DEBUG_INFORMATION_FORMAT = "dwarf-with-dsym";
				ENABLE_NS_ASSERTIONS = NO;
				ENABLE_STRICT_OBJC_MSGSEND = YES;
				GCC_C_LANGUAGE_STANDARD = gnu99;
				GCC_NO_COMMON_BLOCKS = YES;
				GCC_WARN_64_TO_32_BIT_CONVERSION = YES;
				GCC_WARN_ABOUT_RETURN_TYPE = YES_ERROR;
				GCC_WARN_UNDECLARED_SELECTOR = YES;
				GCC_WARN_UNINITIALIZED_AUTOS = YES_AGGRESSIVE;
				GCC_WARN_UNUSED_FUNCTION = YES;
				GCC_WARN_UNUSED_VARIABLE = YES;
				IPHONEOS_DEPLOYMENT_TARGET = 9.2;
				MTL_ENABLE_DEBUG_INFO = NO;
				SDKROOT = iphoneos;
				VALIDATE_PRODUCT = YES;
			};
			name = Release;
		};
		9020EC281C8F1840007E426F /* Debug */ = {
			isa = XCBuildConfiguration;
			buildSettings = {
				ASSETCATALOG_COMPILER_APPICON_NAME = AppIcon;
				INFOPLIST_FILE = UCCarouselViewDemo/Info.plist;
				LD_RUNPATH_SEARCH_PATHS = "$(inherited) @executable_path/Frameworks";
				PRODUCT_BUNDLE_IDENTIFIER = Uncle.Chen.UCCarouselViewDemo;
				PRODUCT_NAME = "$(TARGET_NAME)";
			};
			name = Debug;
		};
		9020EC291C8F1840007E426F /* Release */ = {
			isa = XCBuildConfiguration;
			buildSettings = {
				ASSETCATALOG_COMPILER_APPICON_NAME = AppIcon;
				INFOPLIST_FILE = UCCarouselViewDemo/Info.plist;
				LD_RUNPATH_SEARCH_PATHS = "$(inherited) @executable_path/Frameworks";
				PRODUCT_BUNDLE_IDENTIFIER = Uncle.Chen.UCCarouselViewDemo;
				PRODUCT_NAME = "$(TARGET_NAME)";
			};
			name = Release;
		};
/* End XCBuildConfiguration section */

/* Begin XCConfigurationList section */
		9020EC0B1C8F1840007E426F /* Build configuration list for PBXProject "UCCarouselViewDemo" */ = {
			isa = XCConfigurationList;
			buildConfigurations = (
				9020EC251C8F1840007E426F /* Debug */,
				9020EC261C8F1840007E426F /* Release */,
			);
			defaultConfigurationIsVisible = 0;
			defaultConfigurationName = Release;
		};
		9020EC271C8F1840007E426F /* Build configuration list for PBXNativeTarget "UCCarouselViewDemo" */ = {
			isa = XCConfigurationList;
			buildConfigurations = (
				9020EC281C8F1840007E426F /* Debug */,
				9020EC291C8F1840007E426F /* Release */,
			);
			defaultConfigurationIsVisible = 0;
		};
/* End XCConfigurationList section */
	};
	rootObject = 9020EC081C8F1840007E426F /* Project object */;
}
